
Microsoft Visual Studio Solution File, Format Version 12.00
Project("{FAE04EC0-301F-11D3-BF4B-00C04F79EFBC}") = "WPractice_3", "WPractice_3\WPractice_3.csproj", "{30D8A159-4C93-4216-ADEB-F823022CBD94}"
EndProject
Global
	GlobalSection(SolutionConfigurationPlatforms) = preSolution
		Debug|Any CPU = Debug|Any CPU
		Release|Any CPU = Release|Any CPU
	EndGlobalSection
	GlobalSection(ProjectConfigurationPlatforms) = postSolution
		{30D8A159-4C93-4216-ADEB-F823022CBD94}.Debug|Any CPU.ActiveCfg = Debug|Any CPU
		{30D8A159-4C93-4216-ADEB-F823022CBD94}.Debug|Any CPU.Build.0 = Debug|Any CPU
		{30D8A159-4C93-4216-ADEB-F823022CBD94}.Release|Any CPU.ActiveCfg = Release|Any CPU
		{30D8A159-4C93-4216-ADEB-F823022CBD94}.Release|Any CPU.Build.0 = Release|Any CPU
	EndGlobalSection
EndGlobal
